
Microsoft Visual Studio Solution File, Format Version 12.00
# Visual Studio 15
VisualStudioVersion = 15.0.27004.2005
MinimumVisualStudioVersion = 10.0.40219.1
Project("{D954291E-2A0B-460D-934E-DC6B0785DB48}") = "Class", "Class\Class.shproj", "{A7D92805-B645-4B1D-8DC6-F2A81F8ED0C3}"
EndProject
Global
	GlobalSection(SharedMSBuildProjectFiles) = preSolution
		Class\Class.projitems*{a7d92805-b645-4b1d-8dc6-f2a81f8ed0c3}*SharedItemsImports = 13
	EndGlobalSection
	GlobalSection(SolutionProperties) = preSolution
		HideSolutionNode = FALSE
	EndGlobalSection
	GlobalSection(ExtensibilityGlobals) = postSolution
		SolutionGuid = {646D3022-2CE4-4B33-B711-E418B86EA440}
	EndGlobalSection
EndGlobal
